
Microsoft Visual Studio Solution File, Format Version 12.00
# Visual Studio Version 17
VisualStudioVersion = 17.8.34511.84
MinimumVisualStudioVersion = 10.0.40219.1
Project("{FAE04EC0-301F-11D3-BF4B-00C04F79EFBC}") = "BuildUCPU", "BuildUCPU\BuildUCPU.csproj", "{9082CCC8-58C4-4CC0-89DC-889521A74B64}"
EndProject
Global
	GlobalSection(SolutionConfigurationPlatforms) = preSolution
		Debug|Any CPU = Debug|Any CPU
		Release|Any CPU = Release|Any CPU
	EndGlobalSection
	GlobalSection(ProjectConfigurationPlatforms) = postSolution
		{9082CCC8-58C4-4CC0-89DC-889521A74B64}.Debug|Any CPU.ActiveCfg = Debug|Any CPU
		{9082CCC8-58C4-4CC0-89DC-889521A74B64}.Debug|Any CPU.Build.0 = Debug|Any CPU
		{9082CCC8-58C4-4CC0-89DC-889521A74B64}.Release|Any CPU.ActiveCfg = Release|Any CPU
		{9082CCC8-58C4-4CC0-89DC-889521A74B64}.Release|Any CPU.Build.0 = Release|Any CPU
	EndGlobalSection
	GlobalSection(SolutionProperties) = preSolution
		HideSolutionNode = FALSE
	EndGlobalSection
	GlobalSection(ExtensibilityGlobals) = postSolution
		SolutionGuid = {0C305D2F-1BCA-407A-8C70-5694734633A8}
	EndGlobalSection
EndGlobal
